
Microsoft Visual Studio Solution File, Format Version 12.00
# Visual Studio Version 17
VisualStudioVersion = 17.0.31903.59
MinimumVisualStudioVersion = 10.0.40219.1
Project("{FAE04EC0-301F-11D3-BF4B-00C04F79EFBC}") = "FluentDiagrams.NET", "FluentDiagrams.NET\FluentDiagrams.NET.csproj", "{1E9C2AAC-FF3F-4EEF-BB66-CCECEDD0B02E}"
EndProject
Project("{FAE04EC0-301F-11D3-BF4B-00C04F79EFBC}") = "FluentDiagrams.NET.Tests", "FluentDiagrams.NET.Tests\FluentDiagrams.NET.Tests.csproj", "{5D591802-4C45-400D-8DC2-203939D54DC7}"
EndProject
Global
	GlobalSection(SolutionConfigurationPlatforms) = preSolution
		Debug|Any CPU = Debug|Any CPU
		Release|Any CPU = Release|Any CPU
	EndGlobalSection
	GlobalSection(SolutionProperties) = preSolution
		HideSolutionNode = FALSE
	EndGlobalSection
	GlobalSection(ProjectConfigurationPlatforms) = postSolution
		{1E9C2AAC-FF3F-4EEF-BB66-CCECEDD0B02E}.Debug|Any CPU.ActiveCfg = Debug|Any CPU
		{1E9C2AAC-FF3F-4EEF-BB66-CCECEDD0B02E}.Debug|Any CPU.Build.0 = Debug|Any CPU
		{1E9C2AAC-FF3F-4EEF-BB66-CCECEDD0B02E}.Release|Any CPU.ActiveCfg = Release|Any CPU
		{1E9C2AAC-FF3F-4EEF-BB66-CCECEDD0B02E}.Release|Any CPU.Build.0 = Release|Any CPU
		{5D591802-4C45-400D-8DC2-203939D54DC7}.Debug|Any CPU.ActiveCfg = Debug|Any CPU
		{5D591802-4C45-400D-8DC2-203939D54DC7}.Debug|Any CPU.Build.0 = Debug|Any CPU
		{5D591802-4C45-400D-8DC2-203939D54DC7}.Release|Any CPU.ActiveCfg = Release|Any CPU
		{5D591802-4C45-400D-8DC2-203939D54DC7}.Release|Any CPU.Build.0 = Release|Any CPU
	EndGlobalSection
EndGlobal
